
Microsoft Visual Studio Solution File, Format Version 12.00
# Visual Studio 15
VisualStudioVersion = 15.0.27309.0
MinimumVisualStudioVersion = 10.0.40219.1
Project("{9A19103F-16F7-4668-BE54-9A1E7A4F7556}") = "CaseManagement", "CaseManagement.csproj", "{CA4E4D5E-916A-4755-9ED3-696F5DFA5980}"
EndProject
Global
	GlobalSection(SolutionConfigurationPlatforms) = preSolution
		Debug|Any CPU = Debug|Any CPU
		Release|Any CPU = Release|Any CPU
	EndGlobalSection
	GlobalSection(ProjectConfigurationPlatforms) = postSolution
		{CA4E4D5E-916A-4755-9ED3-696F5DFA5980}.Debug|Any CPU.ActiveCfg = Debug|Any CPU
		{CA4E4D5E-916A-4755-9ED3-696F5DFA5980}.Debug|Any CPU.Build.0 = Debug|Any CPU
		{CA4E4D5E-916A-4755-9ED3-696F5DFA5980}.Release|Any CPU.ActiveCfg = Release|Any CPU
		{CA4E4D5E-916A-4755-9ED3-696F5DFA5980}.Release|Any CPU.Build.0 = Release|Any CPU
	EndGlobalSection
	GlobalSection(SolutionProperties) = preSolution
		HideSolutionNode = FALSE
	EndGlobalSection
	GlobalSection(ExtensibilityGlobals) = postSolution
		SolutionGuid = {B391FCDF-B5C6-4F7B-92B8-A73264735BEB}
	EndGlobalSection
EndGlobal
