{
  "requires": true,
  "lockfileVersion": 1,
  "dependencies": {
    "@progress/kendo-theme-bootstrap": {
      "version": "2.13.7",
      "resolved": "https://registry.npmjs.org/@progress/kendo-theme-bootstrap/-/kendo-theme-bootstrap-2.13.7.tgz",
      "integrity": "sha512-h8XUL9u/cUDNAwROW8t7xiCS8o2Vn58spomayHRZ+A6gCizhcHvJJsyIy7Pw+wubFR0kNwveyTn2rEDBwg8hCA==",
      "requires": {
        "@progress/kendo-theme-default": "^2.54.1"
      }
    },
    "@progress/kendo-theme-default": {
      "version": "2.54.1",
      "resolved": "https://registry.npmjs.org/@progress/kendo-theme-default/-/kendo-theme-default-2.54.1.tgz",
      "integrity": "sha512-Er6oZ7eUTFLUPPTo0orJpyceHSAzec0z5WWNPIFX8UqSqahwNMqM0aUlvRc58fb3IawWD+1TB85gFLS0Je9TJA=="
    }
  }
}
